// !$*UTF8*$!
{
	archiveVersion = 1;
	classes = {
	};
	objectVersion = 46;
	objects = {

/* Begin PBXBuildFile section */
		847F58931C89F93000585902 /* AppDelegate.swift in Sources */ = {isa = PBXBuildFile; fileRef = 847F58921C89F93000585902 /* AppDelegate.swift */; };
		847F58951C89F93000585902 /* OptionsViewController.swift in Sources */ = {isa = PBXBuildFile; fileRef = 847F58941C89F93000585902 /* OptionsViewController.swift */; };
		847F58971C89F93000585902 /* PhotoCollectionViewController.swift in Sources */ = {isa = PBXBuildFile; fileRef = 847F58961C89F93000585902 /* PhotoCollectionViewController.swift */; };
		847F589A1C89F93000585902 /* Main.storyboard in Resources */ = {isa = PBXBuildFile; fileRef = 847F58981C89F93000585902 /* Main.storyboard */; };
		847F589C1C89F93000585902 /* Assets.xcassets in Resources */ = {isa = PBXBuildFile; fileRef = 847F589B1C89F93000585902 /* Assets.xcassets */; };
		847F589F1C89F93000585902 /* LaunchScreen.storyboard in Resources */ = {isa = PBXBuildFile; fileRef = 847F589D1C89F93000585902 /* LaunchScreen.storyboard */; };
		847F58A71C89FA1B00585902 /* CuriosityPhotoCell.swift in Sources */ = {isa = PBXBuildFile; fileRef = 847F58A61C89FA1B00585902 /* CuriosityPhotoCell.swift */; };
		847F58A91C89FEA700585902 /* Dictionary+JSONValues.swift in Sources */ = {isa = PBXBuildFile; fileRef = 847F58A81C89FEA700585902 /* Dictionary+JSONValues.swift */; };
		847F58AD1C8A0B7D00585902 /* CuriosityJSON.swift in Sources */ = {isa = PBXBuildFile; fileRef = 847F58AC1C8A0B7D00585902 /* CuriosityJSON.swift */; };
		847F58AF1C8A0B9900585902 /* CuriosityRoverDataService.swift in Sources */ = {isa = PBXBuildFile; fileRef = 847F58AE1C8A0B9900585902 /* CuriosityRoverDataService.swift */; };
		84E580F31C909B970067C624 /* apikey.txt in Resources */ = {isa = PBXBuildFile; fileRef = 84E580F21C909B970067C624 /* apikey.txt */; };
		84E580FE1C90D3660067C624 /* PhotoViewController.swift in Sources */ = {isa = PBXBuildFile; fileRef = 84E580FD1C90D3660067C624 /* PhotoViewController.swift */; };
		84E581001C90D3780067C624 /* PhotoInfoController.swift in Sources */ = {isa = PBXBuildFile; fileRef = 84E580FF1C90D3780067C624 /* PhotoInfoController.swift */; };
		AA680D151C98CD8A00F3976E /* CuriosityPhotoCache.swift in Sources */ = {isa = PBXBuildFile; fileRef = AA680D141C98CD8A00F3976E /* CuriosityPhotoCache.swift */; };
		AA6DFB841C9701E20097CB1A /* LICENSE in Resources */ = {isa = PBXBuildFile; fileRef = AA6DFB831C9701E20097CB1A /* LICENSE */; };
		AA6DFB861C97412F0097CB1A /* Dictionary+JSONValues+DataProtocol.swift in Sources */ = {isa = PBXBuildFile; fileRef = AA6DFB851C97412F0097CB1A /* Dictionary+JSONValues+DataProtocol.swift */; };
		AA6DFB881C987F740097CB1A /* CuriosityPhotoRepository.swift in Sources */ = {isa = PBXBuildFile; fileRef = AA6DFB871C987F740097CB1A /* CuriosityPhotoRepository.swift */; };
		AA8ABD261C98D33900D5F04A /* TabBarController.swift in Sources */ = {isa = PBXBuildFile; fileRef = AA8ABD251C98D33900D5F04A /* TabBarController.swift */; };
/* End PBXBuildFile section */

/* Begin PBXFileReference section */
		847F588F1C89F93000585902 /* CuriosityRover.app */ = {isa = PBXFileReference; explicitFileType = wrapper.application; includeInIndex = 0; path = CuriosityRover.app; sourceTree = BUILT_PRODUCTS_DIR; };
		847F58921C89F93000585902 /* AppDelegate.swift */ = {isa = PBXFileReference; lastKnownFileType = sourcecode.swift; path = AppDelegate.swift; sourceTree = "<group>"; };
		847F58941C89F93000585902 /* OptionsViewController.swift */ = {isa = PBXFileReference; lastKnownFileType = sourcecode.swift; path = OptionsViewController.swift; sourceTree = "<group>"; };
		847F58961C89F93000585902 /* PhotoCollectionViewController.swift */ = {isa = PBXFileReference; lastKnownFileType = sourcecode.swift; path = PhotoCollectionViewController.swift; sourceTree = "<group>"; };
		847F58991C89F93000585902 /* Base */ = {isa = PBXFileReference; lastKnownFileType = file.storyboard; name = Base; path = Base.lproj/Main.storyboard; sourceTree = "<group>"; };
		847F589B1C89F93000585902 /* Assets.xcassets */ = {isa = PBXFileReference; lastKnownFileType = folder.assetcatalog; path = Assets.xcassets; sourceTree = "<group>"; };
		847F589E1C89F93000585902 /* Base */ = {isa = PBXFileReference; lastKnownFileType = file.storyboard; name = Base; path = Base.lproj/LaunchScreen.storyboard; sourceTree = "<group>"; };
		847F58A01C89F93000585902 /* Info.plist */ = {isa = PBXFileReference; lastKnownFileType = text.plist.xml; path = Info.plist; sourceTree = "<group>"; };
		847F58A61C89FA1B00585902 /* CuriosityPhotoCell.swift */ = {isa = PBXFileReference; fileEncoding = 4; lastKnownFileType = sourcecode.swift; path = CuriosityPhotoCell.swift; sourceTree = "<group>"; };
		847F58A81C89FEA700585902 /* Dictionary+JSONValues.swift */ = {isa = PBXFileReference; fileEncoding = 4; lastKnownFileType = sourcecode.swift; path = "Dictionary+JSONValues.swift"; sourceTree = "<group>"; };
		847F58AC1C8A0B7D00585902 /* CuriosityJSON.swift */ = {isa = PBXFileReference; fileEncoding = 4; lastKnownFileType = sourcecode.swift; path = CuriosityJSON.swift; sourceTree = "<group>"; };
		847F58AE1C8A0B9900585902 /* CuriosityRoverDataService.swift */ = {isa = PBXFileReference; fileEncoding = 4; lastKnownFileType = sourcecode.swift; path = CuriosityRoverDataService.swift; sourceTree = "<group>"; };
		84E580F21C909B970067C624 /* apikey.txt */ = {isa = PBXFileReference; fileEncoding = 4; lastKnownFileType = text; path = apikey.txt; sourceTree = "<group>"; };
		84E580F81C90A61A0067C624 /* iTunesArtwork */ = {isa = PBXFileReference; lastKnownFileType = file; path = iTunesArtwork; sourceTree = "<group>"; };
		84E580F91C90A61A0067C624 /* iTunesArtwork@2x */ = {isa = PBXFileReference; lastKnownFileType = file; path = "iTunesArtwork@2x"; sourceTree = "<group>"; };
		84E580FD1C90D3660067C624 /* PhotoViewController.swift */ = {isa = PBXFileReference; fileEncoding = 4; lastKnownFileType = sourcecode.swift; path = PhotoViewController.swift; sourceTree = "<group>"; };
		84E580FF1C90D3780067C624 /* PhotoInfoController.swift */ = {isa = PBXFileReference; fileEncoding = 4; lastKnownFileType = sourcecode.swift; path = PhotoInfoController.swift; sourceTree = "<group>"; };
		AA680D141C98CD8A00F3976E /* CuriosityPhotoCache.swift */ = {isa = PBXFileReference; fileEncoding = 4; lastKnownFileType = sourcecode.swift; path = CuriosityPhotoCache.swift; sourceTree = "<group>"; };
		AA6DFB811C9701DD0097CB1A /* README.md */ = {isa = PBXFileReference; fileEncoding = 4; lastKnownFileType = net.daringfireball.markdown; path = README.md; sourceTree = "<group>"; };
		AA6DFB831C9701E20097CB1A /* LICENSE */ = {isa = PBXFileReference; fileEncoding = 4; lastKnownFileType = text; path = LICENSE; sourceTree = "<group>"; };
		AA6DFB851C97412F0097CB1A /* Dictionary+JSONValues+DataProtocol.swift */ = {isa = PBXFileReference; fileEncoding = 4; lastKnownFileType = sourcecode.swift; path = "Dictionary+JSONValues+DataProtocol.swift"; sourceTree = "<group>"; };
		AA6DFB871C987F740097CB1A /* CuriosityPhotoRepository.swift */ = {isa = PBXFileReference; fileEncoding = 4; lastKnownFileType = sourcecode.swift; path = CuriosityPhotoRepository.swift; sourceTree = "<group>"; };
		AA8ABD251C98D33900D5F04A /* TabBarController.swift */ = {isa = PBXFileReference; fileEncoding = 4; lastKnownFileType = sourcecode.swift; path = TabBarController.swift; sourceTree = "<group>"; };
		AA8ABD271C98D8F900D5F04A /* Screenshots */ = {isa = PBXFileReference; lastKnownFileType = folder; path = Screenshots; sourceTree = "<group>"; };
/* End PBXFileReference section */

/* Begin PBXFrameworksBuildPhase section */
		847F588C1C89F93000585902 /* Frameworks */ = {
			isa = PBXFrameworksBuildPhase;
			buildActionMask = 2147483647;
			files = (
			);
			runOnlyForDeploymentPostprocessing = 0;
		};
/* End PBXFrameworksBuildPhase section */

/* Begin PBXGroup section */
		847F58861C89F93000585902 = {
			isa = PBXGroup;
			children = (
				AA6DFB831C9701E20097CB1A /* LICENSE */,
				AA6DFB811C9701DD0097CB1A /* README.md */,
				AA8ABD271C98D8F900D5F04A /* Screenshots */,
				847F58911C89F93000585902 /* CuriosityRover */,
				847F58901C89F93000585902 /* Products */,
			);
			sourceTree = "<group>";
		};
		847F58901C89F93000585902 /* Products */ = {
			isa = PBXGroup;
			children = (
				847F588F1C89F93000585902 /* CuriosityRover.app */,
			);
			name = Products;
			sourceTree = "<group>";
		};
		847F58911C89F93000585902 /* CuriosityRover */ = {
			isa = PBXGroup;
			children = (
				84E580F11C909B370067C624 /* _supporting files */,
				84E580F21C909B970067C624 /* apikey.txt */,
				847F58921C89F93000585902 /* AppDelegate.swift */,
				847F58AC1C8A0B7D00585902 /* CuriosityJSON.swift */,
				AA680D141C98CD8A00F3976E /* CuriosityPhotoCache.swift */,
				847F58A61C89FA1B00585902 /* CuriosityPhotoCell.swift */,
				AA6DFB871C987F740097CB1A /* CuriosityPhotoRepository.swift */,
				847F58AE1C8A0B9900585902 /* CuriosityRoverDataService.swift */,
				847F58A81C89FEA700585902 /* Dictionary+JSONValues.swift */,
				AA6DFB851C97412F0097CB1A /* Dictionary+JSONValues+DataProtocol.swift */,
				847F58941C89F93000585902 /* OptionsViewController.swift */,
				847F58961C89F93000585902 /* PhotoCollectionViewController.swift */,
				84E580FF1C90D3780067C624 /* PhotoInfoController.swift */,
				84E580FD1C90D3660067C624 /* PhotoViewController.swift */,
				AA8ABD251C98D33900D5F04A /* TabBarController.swift */,
			);
			path = CuriosityRover;
			sourceTree = "<group>";
		};
		84E580F11C909B370067C624 /* _supporting files */ = {
			isa = PBXGroup;
			children = (
				84E580F81C90A61A0067C624 /* iTunesArtwork */,
				84E580F91C90A61A0067C624 /* iTunesArtwork@2x */,
				847F589B1C89F93000585902 /* Assets.xcassets */,
				847F58A01C89F93000585902 /* Info.plist */,
				847F589D1C89F93000585902 /* LaunchScreen.storyboard */,
				847F58981C89F93000585902 /* Main.storyboard */,
			);
			name = "_supporting files";
			sourceTree = "<group>";
		};
/* End PBXGroup section */

/* Begin PBXNativeTarget section */
		847F588E1C89F93000585902 /* CuriosityRover */ = {
			isa = PBXNativeTarget;
			buildConfigurationList = 847F58A31C89F93000585902 /* Build configuration list for PBXNativeTarget "CuriosityRover" */;
			buildPhases = (
				847F588B1C89F93000585902 /* Sources */,
				847F588C1C89F93000585902 /* Frameworks */,
				847F588D1C89F93000585902 /* Resources */,
			);
			buildRules = (
			);
			dependencies = (
			);
			name = CuriosityRover;
			productName = CuriosityRover;
			productReference = 847F588F1C89F93000585902 /* CuriosityRover.app */;
			productType = "com.apple.product-type.application";
		};
/* End PBXNativeTarget section */

/* Begin PBXProject section */
		847F58871C89F93000585902 /* Project object */ = {
			isa = PBXProject;
			attributes = {
				LastSwiftUpdateCheck = 0720;
				LastUpgradeCheck = 0720;
				ORGANIZATIONNAME = uShip;
				TargetAttributes = {
					847F588E1C89F93000585902 = {
						CreatedOnToolsVersion = 7.2.1;
					};
				};
			};
			buildConfigurationList = 847F588A1C89F93000585902 /* Build configuration list for PBXProject "CuriosityRover" */;
			compatibilityVersion = "Xcode 3.2";
			developmentRegion = English;
			hasScannedForEncodings = 0;
			knownRegions = (
				en,
				Base,
			);
			mainGroup = 847F58861C89F93000585902;
			productRefGroup = 847F58901C89F93000585902 /* Products */;
			projectDirPath = "";
			projectRoot = "";
			targets = (
				847F588E1C89F93000585902 /* CuriosityRover */,
			);
		};
/* End PBXProject section */

/* Begin PBXResourcesBuildPhase section */
		847F588D1C89F93000585902 /* Resources */ = {
			isa = PBXResourcesBuildPhase;
			buildActionMask = 2147483647;
			files = (
				847F589F1C89F93000585902 /* LaunchScreen.storyboard in Resources */,
				847F589C1C89F93000585902 /* Assets.xcassets in Resources */,
				847F589A1C89F93000585902 /* Main.storyboard in Resources */,
				84E580F31C909B970067C624 /* apikey.txt in Resources */,
				AA6DFB841C9701E20097CB1A /* LICENSE in Resources */,
			);
			runOnlyForDeploymentPostprocessing = 0;
		};
/* End PBXResourcesBuildPhase section */

/* Begin PBXSourcesBuildPhase section */
		847F588B1C89F93000585902 /* Sources */ = {
			isa = PBXSourcesBuildPhase;
			buildActionMask = 2147483647;
			files = (
				847F58A71C89FA1B00585902 /* CuriosityPhotoCell.swift in Sources */,
				AA6DFB861C97412F0097CB1A /* Dictionary+JSONValues+DataProtocol.swift in Sources */,
				847F58AD1C8A0B7D00585902 /* CuriosityJSON.swift in Sources */,
				AA8ABD261C98D33900D5F04A /* TabBarController.swift in Sources */,
				847F58A91C89FEA700585902 /* Dictionary+JSONValues.swift in Sources */,
				847F58971C89F93000585902 /* PhotoCollectionViewController.swift in Sources */,
				AA680D151C98CD8A00F3976E /* CuriosityPhotoCache.swift in Sources */,
				AA6DFB881C987F740097CB1A /* CuriosityPhotoRepository.swift in Sources */,
				847F58931C89F93000585902 /* AppDelegate.swift in Sources */,
				84E580FE1C90D3660067C624 /* PhotoViewController.swift in Sources */,
				84E581001C90D3780067C624 /* PhotoInfoController.swift in Sources */,
				847F58951C89F93000585902 /* OptionsViewController.swift in Sources */,
				847F58AF1C8A0B9900585902 /* CuriosityRoverDataService.swift in Sources */,
			);
			runOnlyForDeploymentPostprocessing = 0;
		};
/* End PBXSourcesBuildPhase section */

/* Begin PBXVariantGroup section */
		847F58981C89F93000585902 /* Main.storyboard */ = {
			isa = PBXVariantGroup;
			children = (
				847F58991C89F93000585902 /* Base */,
			);
			name = Main.storyboard;
			sourceTree = "<group>";
		};
		847F589D1C89F93000585902 /* LaunchScreen.storyboard */ = {
			isa = PBXVariantGroup;
			children = (
				847F589E1C89F93000585902 /* Base */,
			);
			name = LaunchScreen.storyboard;
			sourceTree = "<group>";
		};
/* End PBXVariantGroup section */

/* Begin XCBuildConfiguration section */
		847F58A11C89F93000585902 /* Debug */ = {
			isa = XCBuildConfiguration;
			buildSettings = {
				ALWAYS_SEARCH_USER_PATHS = NO;
				CLANG_CXX_LANGUAGE_STANDARD = "gnu++0x";
				CLANG_CXX_LIBRARY = "libc++";
				CLANG_ENABLE_MODULES = YES;
				CLANG_ENABLE_OBJC_ARC = YES;
				CLANG_WARN_BOOL_CONVERSION = YES;
				CLANG_WARN_CONSTANT_CONVERSION = YES;
				CLANG_WARN_DIRECT_OBJC_ISA_USAGE = YES_ERROR;
				CLANG_WARN_EMPTY_BODY = YES;
				CLANG_WARN_ENUM_CONVERSION = YES;
				CLANG_WARN_INT_CONVERSION = YES;
				CLANG_WARN_OBJC_ROOT_CLASS = YES_ERROR;
				CLANG_WARN_UNREACHABLE_CODE = YES;
				CLANG_WARN__DUPLICATE_METHOD_MATCH = YES;
				"CODE_SIGN_IDENTITY[sdk=iphoneos*]" = "iPhone Developer";
				COPY_PHASE_STRIP = NO;
				DEBUG_INFORMATION_FORMAT = dwarf;
				ENABLE_STRICT_OBJC_MSGSEND = YES;
				ENABLE_TESTABILITY = YES;
				GCC_C_LANGUAGE_STANDARD = gnu99;
				GCC_DYNAMIC_NO_PIC = NO;
				GCC_NO_COMMON_BLOCKS = YES;
				GCC_OPTIMIZATION_LEVEL = 0;
				GCC_PREPROCESSOR_DEFINITIONS = (
					"DEBUG=1",
					"$(inherited)",
				);
				GCC_WARN_64_TO_32_BIT_CONVERSION = YES;
				GCC_WARN_ABOUT_RETURN_TYPE = YES_ERROR;
				GCC_WARN_UNDECLARED_SELECTOR = YES;
				GCC_WARN_UNINITIALIZED_AUTOS = YES_AGGRESSIVE;
				GCC_WARN_UNUSED_FUNCTION = YES;
				GCC_WARN_UNUSED_VARIABLE = YES;
				IPHONEOS_DEPLOYMENT_TARGET = 9.2;
				MTL_ENABLE_DEBUG_INFO = YES;
				ONLY_ACTIVE_ARCH = YES;
				SDKROOT = iphoneos;
				SWIFT_OPTIMIZATION_LEVEL = "-Onone";
			};
			name = Debug;
		};
		847F58A21C89F93000585902 /* Release */ = {
			isa = XCBuildConfiguration;
			buildSettings = {
				ALWAYS_SEARCH_USER_PATHS = NO;
				CLANG_CXX_LANGUAGE_STANDARD = "gnu++0x";
				CLANG_CXX_LIBRARY = "libc++";
				CLANG_ENABLE_MODULES = YES;
				CLANG_ENABLE_OBJC_ARC = YES;
				CLANG_WARN_BOOL_CONVERSION = YES;
				CLANG_WARN_CONSTANT_CONVERSION = YES;
				CLANG_WARN_DIRECT_OBJC_ISA_USAGE = YES_ERROR;
				CLANG_WARN_EMPTY_BODY = YES;
				CLANG_WARN_ENUM_CONVERSION = YES;
				CLANG_WARN_INT_CONVERSION = YES;
				CLANG_WARN_OBJC_ROOT_CLASS = YES_ERROR;
				CLANG_WARN_UNREACHABLE_CODE = YES;
				CLANG_WARN__DUPLICATE_METHOD_MATCH = YES;
				"CODE_SIGN_IDENTITY[sdk=iphoneos*]" = "iPhone Developer";
				COPY_PHASE_STRIP = NO;
				DEBUG_INFORMATION_FORMAT = "dwarf-with-dsym";
				ENABLE_NS_ASSERTIONS = NO;
				ENABLE_STRICT_OBJC_MSGSEND = YES;
				GCC_C_LANGUAGE_STANDARD = gnu99;
				GCC_NO_COMMON_BLOCKS = YES;
				GCC_WARN_64_TO_32_BIT_CONVERSION = YES;
				GCC_WARN_ABOUT_RETURN_TYPE = YES_ERROR;
				GCC_WARN_UNDECLARED_SELECTOR = YES;
				GCC_WARN_UNINITIALIZED_AUTOS = YES_AGGRESSIVE;
				GCC_WARN_UNUSED_FUNCTION = YES;
				GCC_WARN_UNUSED_VARIABLE = YES;
				IPHONEOS_DEPLOYMENT_TARGET = 9.2;
				MTL_ENABLE_DEBUG_INFO = NO;
				SDKROOT = iphoneos;
				VALIDATE_PRODUCT = YES;
			};
			name = Release;
		};
		847F58A41C89F93000585902 /* Debug */ = {
			isa = XCBuildConfiguration;
			buildSettings = {
				ASSETCATALOG_COMPILER_APPICON_NAME = AppIcon;
				CODE_SIGN_IDENTITY = "iPhone Developer";
				"CODE_SIGN_IDENTITY[sdk=iphoneos*]" = "iPhone Developer";
				INFOPLIST_FILE = CuriosityRover/Info.plist;
				LD_RUNPATH_SEARCH_PATHS = "$(inherited) @executable_path/Frameworks";
				PRODUCT_BUNDLE_IDENTIFIER = com.cruinh.CuriosityRover;
				PRODUCT_NAME = "$(TARGET_NAME)";
				PROVISIONING_PROFILE = "";
				TARGETED_DEVICE_FAMILY = "1,2";
			};
			name = Debug;
		};
		847F58A51C89F93000585902 /* Release */ = {
			isa = XCBuildConfiguration;
			buildSettings = {
				ASSETCATALOG_COMPILER_APPICON_NAME = AppIcon;
				CODE_SIGN_IDENTITY = "iPhone Distribution";
				"CODE_SIGN_IDENTITY[sdk=iphoneos*]" = "iPhone Distribution";
				INFOPLIST_FILE = CuriosityRover/Info.plist;
				LD_RUNPATH_SEARCH_PATHS = "$(inherited) @executable_path/Frameworks";
				PRODUCT_BUNDLE_IDENTIFIER = com.cruinh.CuriosityRover;
				PRODUCT_NAME = "$(TARGET_NAME)";
				PROVISIONING_PROFILE = "";
				TARGETED_DEVICE_FAMILY = "1,2";
			};
			name = Release;
		};
/* End XCBuildConfiguration section */

/* Begin XCConfigurationList section */
		847F588A1C89F93000585902 /* Build configuration list for PBXProject "CuriosityRover" */ = {
			isa = XCConfigurationList;
			buildConfigurations = (
				847F58A11C89F93000585902 /* Debug */,
				847F58A21C89F93000585902 /* Release */,
			);
			defaultConfigurationIsVisible = 0;
			defaultConfigurationName = Release;
		};
		847F58A31C89F93000585902 /* Build configuration list for PBXNativeTarget "CuriosityRover" */ = {
			isa = XCConfigurationList;
			buildConfigurations = (
				847F58A41C89F93000585902 /* Debug */,
				847F58A51C89F93000585902 /* Release */,
			);
			defaultConfigurationIsVisible = 0;
			defaultConfigurationName = Release;
		};
/* End XCConfigurationList section */
	};
	rootObject = 847F58871C89F93000585902 /* Project object */;
}
